{
  "version": 4,
  "terraform_version": "1.7.5",
  "serial": 8,
  "lineage": "ecaf00fe-af6c-0995-de2f-4934cd9815f1",
  "outputs": {},
  "resources": [
    {
      "mode": "managed",
      "type": "aws_instance",
      "name": "MyFirstInstance",
      "provider": "provider[\"registry.terraform.io/hashicorp/aws\"]",
      "instances": [
        {
          "schema_version": 1,
          "attributes": {
            "ami": "ami-0cd59ecaf368e5ccf",
            "arn": "arn:aws:ec2:us-east-1:251768380790:instance/i-02561c81190edb109",
            "associate_public_ip_address": true,
            "availability_zone": "us-east-1c",
            "capacity_reservation_specification": [
              {
                "capacity_reservation_preference": "open",
                "capacity_reservation_target": []
              }
            ],
            "cpu_core_count": 1,
            "cpu_options": [
              {
                "amd_sev_snp": "",
                "core_count": 1,
                "threads_per_core": 1
              }
            ],
            "cpu_threads_per_core": 1,
            "credit_specification": [
              {
                "cpu_credits": "standard"
              }
            ],
            "disable_api_stop": false,
            "disable_api_termination": false,
            "ebs_block_device": [],
            "ebs_optimized": false,
            "enclave_options": [
              {
                "enabled": false
              }
            ],
            "ephemeral_block_device": [],
            "get_password_data": false,
            "hibernation": false,
            "host_id": "",
            "host_resource_group_arn": null,
            "iam_instance_profile": "",
            "id": "i-02561c81190edb109",
            "instance_initiated_shutdown_behavior": "stop",
            "instance_lifecycle": "",
            "instance_market_options": [],
            "instance_state": "running",
            "instance_type": "t2.micro",
            "ipv6_address_count": 0,
            "ipv6_addresses": [],
            "key_name": "",
            "launch_template": [],
            "maintenance_options": [
              {
                "auto_recovery": "default"
              }
            ],
            "metadata_options": [
              {
                "http_endpoint": "enabled",
                "http_protocol_ipv6": "disabled",
                "http_put_response_hop_limit": 1,
                "http_tokens": "optional",
                "instance_metadata_tags": "disabled"
              }
            ],
            "monitoring": false,
            "network_interface": [],
            "outpost_arn": "",
            "password_data": "",
            "placement_group": "",
            "placement_partition_number": 0,
            "primary_network_interface_id": "eni-088a4653b8dcb774d",
            "private_dns": "ip-172-31-16-136.ec2.internal",
            "private_dns_name_options": [
              {
                "enable_resource_name_dns_a_record": false,
                "enable_resource_name_dns_aaaa_record": false,
                "hostname_type": "ip-name"
              }
            ],
            "private_ip": "172.31.16.136",
            "public_dns": "ec2-54-163-34-170.compute-1.amazonaws.com",
            "public_ip": "54.163.34.170",
            "root_block_device": [
              {
                "delete_on_termination": true,
                "device_name": "/dev/sda1",
                "encrypted": false,
                "iops": 100,
                "kms_key_id": "",
                "tags": {},
                "tags_all": {},
                "throughput": 0,
                "volume_id": "vol-085582a018a7f0eaf",
                "volume_size": 8,
                "volume_type": "gp2"
              }
            ],
            "secondary_private_ips": [],
            "security_groups": [
              "default"
            ],
            "source_dest_check": true,
            "spot_instance_request_id": "",
            "subnet_id": "subnet-025e0d41eb99f7f6b",
            "tags": {
              "Name": "My First Instance Created from Terraform"
            },
            "tags_all": {
              "Name": "My First Instance Created from Terraform"
            },
            "tenancy": "default",
            "timeouts": null,
            "user_data": null,
            "user_data_base64": null,
            "user_data_replace_on_change": false,
            "volume_tags": null,
            "vpc_security_group_ids": [
              "sg-0db5220f625aa7de1"
            ]
          },
          "sensitive_attributes": [],
          "private": "eyJlMmJmYjczMC1lY2FhLTExZTYtOGY4OC0zNDM2M2JjN2M0YzAiOnsiY3JlYXRlIjo2MDAwMDAwMDAwMDAsImRlbGV0ZSI6MTIwMDAwMDAwMDAwMCwicmVhZCI6OTAwMDAwMDAwMDAwLCJ1cGRhdGUiOjYwMDAwMDAwMDAwMH0sInNjaGVtYV92ZXJzaW9uIjoiMSJ9"
        }
      ]
    },
    {
      "mode": "managed",
      "type": "aws_key_pair",
      "name": "FirstInstanceKey",
      "provider": "provider[\"registry.terraform.io/hashicorp/aws\"]",
      "instances": [
        {
          "schema_version": 1,
          "attributes": {
            "arn": "arn:aws:ec2:us-east-1:251768380790:key-pair/FirstInstancekey",
            "fingerprint": "38:fa:8b:a5:7f:bc:e0:dc:26:eb:d9:b2:8a:15:26:41",
            "id": "FirstInstancekey",
            "key_name": "FirstInstancekey",
            "key_name_prefix": "",
            "key_pair_id": "key-0d28cf0aa0d75b3db",
            "key_type": "rsa",
            "public_key": "ssh-rsa AAAAB3NzaC1yc2EAAAADAQABAAABgQDca9bQhr3bEsVTY7OJATUrw5wPatrPmLNjoJ+zHEXBhrXS57gcgxv3ILkQDhBOsIEEumCNfA28iWb1sLk7CxLVG3beqGOfTLxaKZPNb7GCtrXQxj0J6igIemeiWK5Fvqg9StA/w6Fi6pXuF13VuPLKZWY6J1pzNgvojXZ/yvWFwACvg9lYPeRnhb6D2Z1FmpMJGXSxUHc08dMTESeEtJdjU0GZxChsR4jPuidB+7cSXoAmRQSNfXggAjsOFyFJP4/lvhoWnCiuj1B682Vvht1ChAb68JSlt6EFNfaUKD2PRQvqNvFlos10SjHKvfH9lM0DTx7YPZRkKaheJPQsekFeyCnbiGpL1D7DpC0qSNOpdSJ2wsfvkQbSh0tJoV/JWYNclPZ7fjLbi0psZ5xEpwZVuprJfLsBTO5o0BWhRIdNWevdiKKb9AzVuBAKfFITiN3Wzhca7WqzWc8hB7HJ/C888OeTv3eN+1JMSXeVMZj5J0QWQTpUR0sgI48Wsl5mogk= anant@DESKTOP-EH20SJC",
            "tags": null,
            "tags_all": {}
          },
          "sensitive_attributes": [],
          "private": "eyJzY2hlbWFfdmVyc2lvbiI6IjEifQ=="
        }
      ]
    }
  ],
  "check_results": null
}
